
Microsoft Visual Studio Solution File, Format Version 12.00
# Visual Studio 15
Project("{FAE04EC0-301F-11D3-BF4B-00C04F79EFBC}") = "ObjectDetectionMobileApp.Android", "ObjectDetectionMobileApp.Android\ObjectDetectionMobileApp.Android.csproj", "{21ADB780-BBA0-4B91-A355-73CEC1918D94}"
EndProject
Project("{FAE04EC0-301F-11D3-BF4B-00C04F79EFBC}") = "ObjectDetectionMobileApp.iOS", "ObjectDetectionMobileApp.iOS\ObjectDetectionMobileApp.iOS.csproj", "{F1A9B813-0340-46CA-AC35-CEF7FCADDBEF}"
EndProject
Project("{FAE04EC0-301F-11D3-BF4B-00C04F79EFBC}") = "ObjectDetectionMobileApp", "ObjectDetectionMobileApp\ObjectDetectionMobileApp.csproj", "{5E23BCE9-2984-4632-B323-869F61D94B9F}"
EndProject
Global
	GlobalSection(SolutionConfigurationPlatforms) = preSolution
		Debug|Any CPU = Debug|Any CPU
		Release|Any CPU = Release|Any CPU
		Debug|iPhoneSimulator = Debug|iPhoneSimulator
		Release|iPhoneSimulator = Release|iPhoneSimulator
		Debug|iPhone = Debug|iPhone
		Release|iPhone = Release|iPhone
	EndGlobalSection
	GlobalSection(ProjectConfigurationPlatforms) = postSolution
		{21ADB780-BBA0-4B91-A355-73CEC1918D94}.Debug|Any CPU.ActiveCfg = Debug|Any CPU
		{21ADB780-BBA0-4B91-A355-73CEC1918D94}.Debug|Any CPU.Build.0 = Debug|Any CPU
		{21ADB780-BBA0-4B91-A355-73CEC1918D94}.Release|Any CPU.ActiveCfg = Release|Any CPU
		{21ADB780-BBA0-4B91-A355-73CEC1918D94}.Release|Any CPU.Build.0 = Release|Any CPU
		{21ADB780-BBA0-4B91-A355-73CEC1918D94}.Debug|iPhoneSimulator.ActiveCfg = Debug|Any CPU
		{21ADB780-BBA0-4B91-A355-73CEC1918D94}.Debug|iPhoneSimulator.Build.0 = Debug|Any CPU
		{21ADB780-BBA0-4B91-A355-73CEC1918D94}.Release|iPhoneSimulator.ActiveCfg = Release|Any CPU
		{21ADB780-BBA0-4B91-A355-73CEC1918D94}.Release|iPhoneSimulator.Build.0 = Release|Any CPU
		{21ADB780-BBA0-4B91-A355-73CEC1918D94}.Debug|iPhone.ActiveCfg = Debug|Any CPU
		{21ADB780-BBA0-4B91-A355-73CEC1918D94}.Debug|iPhone.Build.0 = Debug|Any CPU
		{21ADB780-BBA0-4B91-A355-73CEC1918D94}.Release|iPhone.ActiveCfg = Release|Any CPU
		{21ADB780-BBA0-4B91-A355-73CEC1918D94}.Release|iPhone.Build.0 = Release|Any CPU
		{F1A9B813-0340-46CA-AC35-CEF7FCADDBEF}.Debug|Any CPU.ActiveCfg = Debug|iPhoneSimulator
		{F1A9B813-0340-46CA-AC35-CEF7FCADDBEF}.Debug|Any CPU.Build.0 = Debug|iPhoneSimulator
		{F1A9B813-0340-46CA-AC35-CEF7FCADDBEF}.Release|Any CPU.ActiveCfg = Release|iPhoneSimulator
		{F1A9B813-0340-46CA-AC35-CEF7FCADDBEF}.Release|Any CPU.Build.0 = Release|iPhoneSimulator
		{F1A9B813-0340-46CA-AC35-CEF7FCADDBEF}.Debug|iPhoneSimulator.ActiveCfg = Debug|iPhoneSimulator
		{F1A9B813-0340-46CA-AC35-CEF7FCADDBEF}.Debug|iPhoneSimulator.Build.0 = Debug|iPhoneSimulator
		{F1A9B813-0340-46CA-AC35-CEF7FCADDBEF}.Release|iPhoneSimulator.ActiveCfg = Release|iPhoneSimulator
		{F1A9B813-0340-46CA-AC35-CEF7FCADDBEF}.Release|iPhoneSimulator.Build.0 = Release|iPhoneSimulator
		{F1A9B813-0340-46CA-AC35-CEF7FCADDBEF}.Debug|iPhone.ActiveCfg = Debug|iPhone
		{F1A9B813-0340-46CA-AC35-CEF7FCADDBEF}.Debug|iPhone.Build.0 = Debug|iPhone
		{F1A9B813-0340-46CA-AC35-CEF7FCADDBEF}.Release|iPhone.ActiveCfg = Release|iPhone
		{F1A9B813-0340-46CA-AC35-CEF7FCADDBEF}.Release|iPhone.Build.0 = Release|iPhone
		{5E23BCE9-2984-4632-B323-869F61D94B9F}.Debug|Any CPU.ActiveCfg = Debug|Any CPU
		{5E23BCE9-2984-4632-B323-869F61D94B9F}.Debug|Any CPU.Build.0 = Debug|Any CPU
		{5E23BCE9-2984-4632-B323-869F61D94B9F}.Release|Any CPU.ActiveCfg = Release|Any CPU
		{5E23BCE9-2984-4632-B323-869F61D94B9F}.Release|Any CPU.Build.0 = Release|Any CPU
		{5E23BCE9-2984-4632-B323-869F61D94B9F}.Debug|iPhoneSimulator.ActiveCfg = Debug|Any CPU
		{5E23BCE9-2984-4632-B323-869F61D94B9F}.Debug|iPhoneSimulator.Build.0 = Debug|Any CPU
		{5E23BCE9-2984-4632-B323-869F61D94B9F}.Release|iPhoneSimulator.ActiveCfg = Release|Any CPU
		{5E23BCE9-2984-4632-B323-869F61D94B9F}.Release|iPhoneSimulator.Build.0 = Release|Any CPU
		{5E23BCE9-2984-4632-B323-869F61D94B9F}.Debug|iPhone.ActiveCfg = Debug|Any CPU
		{5E23BCE9-2984-4632-B323-869F61D94B9F}.Debug|iPhone.Build.0 = Debug|Any CPU
		{5E23BCE9-2984-4632-B323-869F61D94B9F}.Release|iPhone.ActiveCfg = Release|Any CPU
		{5E23BCE9-2984-4632-B323-869F61D94B9F}.Release|iPhone.Build.0 = Release|Any CPU
	EndGlobalSection
EndGlobal
